lockfileVersion: '9.0'

settings:
  autoInstallPeers: true
  excludeLinksFromLockfile: false

importers:

  .:
    dependencies:
      '@popstarfreas/rescript-nodejs':
        specifier: git+https://github.com/popstarfreas/rescript-nodejs.git#f3bd284a3ef17a3fc7cc81ccb7c362b278ea66c7
        version: https://codeload.github.com/popstarfreas/rescript-nodejs/tar.gz/f3bd284a3ef17a3fc7cc81ccb7c362b278ea66c7
    devDependencies:
      '@types/jasmine':
        specifier: ^3.4.0
        version: 3.10.18
      '@types/node':
        specifier: ^12.7.3
        version: 12.20.55
      jasmine:
        specifier: ^3.4.0
        version: 3.99.0
      typescript:
        specifier: ^4.2.3
        version: 4.9.5
    optionalDependencies:
      rescript:
        specifier: ^12.0.0
        version: 12.0.0

packages:

  '@popstarfreas/rescript-nodejs@https://codeload.github.com/popstarfreas/rescript-nodejs/tar.gz/f3bd284a3ef17a3fc7cc81ccb7c362b278ea66c7':
    resolution: {tarball: https://codeload.github.com/popstarfreas/rescript-nodejs/tar.gz/f3bd284a3ef17a3fc7cc81ccb7c362b278ea66c7}
    version: 16.1.0

  '@rescript/darwin-arm64@12.0.0':
    resolution: {integrity: sha512-N2zNj/Uh0zrg8BJGWxdQjYTDf0d2ZV8D+Vmct8xORaUcEZvAkvZb+xA66UxP2QGhWmATcHmBth7oJ48xpWz/Vg==}
    engines: {node: '>=20.11.0'}
    cpu: [arm64]
    os: [darwin]

  '@rescript/darwin-x64@12.0.0':
    resolution: {integrity: sha512-Qx/ao3Fl2lx3rF8mbRsyRK5HGAx8pmzyCdpSIAaUun5wLBnsJbNqgvqUH7VeI2TwaczHvcIljrYmnB7T5LJdFQ==}
    engines: {node: '>=20.11.0'}
    cpu: [x64]
    os: [darwin]

  '@rescript/linux-arm64@12.0.0':
    resolution: {integrity: sha512-H65csj/0uqqjYy235m0h5CFxbrsas6RoVfjy5Xjf91Vyg/r5R/QIGQvhMtFvl4QojYsa1wXzXGcujwXh+S15xQ==}
    engines: {node: '>=20.11.0'}
    cpu: [arm64]
    os: [linux]

  '@rescript/linux-x64@12.0.0':
    resolution: {integrity: sha512-WizQwyfMadxF096foZYU3I4zxcnNIc9XP7TP4fqdfe0v6OvQ5yHMI/uIfOsJ1GfNALce2UxvgS0pn67uxc55uA==}
    engines: {node: '>=20.11.0'}
    cpu: [x64]
    os: [linux]

  '@rescript/runtime@12.0.0':
    resolution: {integrity: sha512-STRbYHT5rnW61vWn2+Bdtj620XaprnoBSbPbkvOYZ+Zs8nfqtpBjhNw+JNpGQLXf73crk6MhxFGPxL2o5vb8TQ==}

  '@rescript/win32-x64@12.0.0':
    resolution: {integrity: sha512-kkqj4kQGbni5YglWoPm76M6hUuzKJHDEiLce5EZxW2Q4FrkS9dNRgm02c2Ck1cz/uKCS3m+ZoKQGIMMXTvo5Jw==}
    engines: {node: '>=20.11.0'}
    cpu: [x64]
    os: [win32]

  '@types/jasmine@3.10.18':
    resolution: {integrity: sha512-jOk52a1Kz+1oU5fNWwAcNe64/GsE7r/Q6ronwDox0D3ETo/cr4ICMQyeXrj7G6FPW1n8YjRoAZA2F0XBr6GicQ==}

  '@types/node@12.20.55':
    resolution: {integrity: sha512-J8xLz7q2OFulZ2cyGTLE1TbbZcjpno7FaN6zdJNrgAdrJ+DZzh/uFR6YrTb4C+nXakvud8Q4+rbhoIWlYQbUFQ==}

  balanced-match@1.0.2:
    resolution: {integrity: sha512-3oSeUO0TMV67hN1AmbXsK4yaqU7tjiHlbxRDZOpH0KW9+CeX4bRAaX0Anxt0tx2MrpRpWwQaPwIlISEJhYU5Pw==}

  brace-expansion@1.1.12:
    resolution: {integrity: sha512-9T9UjW3r0UW5c1Q7GTwllptXwhvYmEzFhzMfZ9H7FQWt+uZePjZPjBP/W1ZEyZ1twGWom5/56TF4lPcqjnDHcg==}

  concat-map@0.0.1:
    resolution: {integrity: sha512-/Srv4dswyQNBfohGpz9o6Yb3Gz3SrUDqBH5rTuhGR7ahtlbYKnVxw2bCFMRljaA7EXHaXZ8wsHdodFvbkhKmqg==}

  fs.realpath@1.0.0:
    resolution: {integrity: sha512-OO0pH2lK6a0hZnAdau5ItzHPI6pUlvI7jMVnxUQRtw4owF2wk8lOSabtGDCTP4Ggrg2MbGnWO9X8K1t4+fGMDw==}

  glob@7.2.3:
    resolution: {integrity: sha512-nFR0zLpU2YCaRxwoCJvL6UvCH2JFyFVIvwTLsIf21AuHlMskA1hhTdk+LlYJtOlYt9v6dvszD2BGRqBL+iQK9Q==}
    deprecated: Glob versions prior to v9 are no longer supported

  inflight@1.0.6:
    resolution: {integrity: sha512-k92I/b08q4wvFscXCLvqfsHCrjrF7yiXsQuIVvVE7N82W3+aqpzuUdBbfhWcy/FZR3/4IgflMgKLOsvPDrGCJA==}
    deprecated: This module is not supported, and leaks memory. Do not use it. Check out lru-cache if you want a good and tested way to coalesce async requests by a key value, which is much more comprehensive and powerful.

  inherits@2.0.4:
    resolution: {integrity: sha512-k/vGaX4/Yla3WzyMCvTQOXYeIHvqOKtnqBduzTHpzpQZzAskKMhZ2K+EnBiSM9zGSoIFeMpXKxa4dYeZIQqewQ==}

  jasmine-core@3.99.1:
    resolution: {integrity: sha512-Hu1dmuoGcZ7AfyynN3LsfruwMbxMALMka+YtZeGoLuDEySVmVAPaonkNoBRIw/ectu8b9tVQCJNgp4a4knp+tg==}

  jasmine@3.99.0:
    resolution: {integrity: sha512-YIThBuHzaIIcjxeuLmPD40SjxkEcc8i//sGMDKCgkRMVgIwRJf5qyExtlJpQeh7pkeoBSOe6lQEdg+/9uKg9mw==}
    hasBin: true

  minimatch@3.1.2:
    resolution: {integrity: sha512-J7p63hRiAjw1NDEww1W7i37+ByIrOWO5XQQAzZ3VOcL0PNybwpfmV/N05zFAzwQ9USyEcX6t3UO+K5aqBQOIHw==}

  once@1.4.0:
    resolution: {integrity: sha512-lNaJgI+2Q5URQBkccEKHTQOPaXdUxnZZElQTZY0MFUAuaEqe1E+Nyvgdz/aIyNi6Z9MzO5dv1H8n58/GELp3+w==}

  path-is-absolute@1.0.1:
    resolution: {integrity: sha512-AVbw3UJ2e9bq64vSaS9Am0fje1Pa8pbGqTTsmXfaIiMpnr5DlDhfJOuLj9Sf95ZPVDAUerDfEk88MPmPe7UCQg==}
    engines: {node: '>=0.10.0'}

  rescript@12.0.0:
    resolution: {integrity: sha512-DGcZI2L5W0c6FuEnspLE0MIe1UtTt1VsW/vQfzBFCEBxSsQtoA6YRHUB8Puwnb30PHqZiFK1ADhn6UgA8LWK0A==}
    engines: {node: '>=20.11.0'}
    hasBin: true

  typescript@4.9.5:
    resolution: {integrity: sha512-1FXk9E2Hm+QzZQ7z+McJiHL4NW1F2EzMu9Nq9i3zAaGqibafqYwCVU6WyWAuyQRRzOlxou8xZSyXLEN8oKj24g==}
    engines: {node: '>=4.2.0'}
    hasBin: true

  wrappy@1.0.2:
    resolution: {integrity: sha512-l4Sp/DRseor9wL6EvV2+TuQn63dMkPjZ/sp9XkghTEbV9KlPS1xUsZ3u7/IQO4wxtcFB4bgpQPRcR3QCvezPcQ==}

snapshots:

  '@popstarfreas/rescript-nodejs@https://codeload.github.com/popstarfreas/rescript-nodejs/tar.gz/f3bd284a3ef17a3fc7cc81ccb7c362b278ea66c7': {}

  '@rescript/darwin-arm64@12.0.0':
    optional: true

  '@rescript/darwin-x64@12.0.0':
    optional: true

  '@rescript/linux-arm64@12.0.0':
    optional: true

  '@rescript/linux-x64@12.0.0':
    optional: true

  '@rescript/runtime@12.0.0':
    optional: true

  '@rescript/win32-x64@12.0.0':
    optional: true

  '@types/jasmine@3.10.18': {}

  '@types/node@12.20.55': {}

  balanced-match@1.0.2: {}

  brace-expansion@1.1.12:
    dependencies:
      balanced-match: 1.0.2
      concat-map: 0.0.1

  concat-map@0.0.1: {}

  fs.realpath@1.0.0: {}

  glob@7.2.3:
    dependencies:
      fs.realpath: 1.0.0
      inflight: 1.0.6
      inherits: 2.0.4
      minimatch: 3.1.2
      once: 1.4.0
      path-is-absolute: 1.0.1

  inflight@1.0.6:
    dependencies:
      once: 1.4.0
      wrappy: 1.0.2

  inherits@2.0.4: {}

  jasmine-core@3.99.1: {}

  jasmine@3.99.0:
    dependencies:
      glob: 7.2.3
      jasmine-core: 3.99.1

  minimatch@3.1.2:
    dependencies:
      brace-expansion: 1.1.12

  once@1.4.0:
    dependencies:
      wrappy: 1.0.2

  path-is-absolute@1.0.1: {}

  rescript@12.0.0:
    dependencies:
      '@rescript/runtime': 12.0.0
    optionalDependencies:
      '@rescript/darwin-arm64': 12.0.0
      '@rescript/darwin-x64': 12.0.0
      '@rescript/linux-arm64': 12.0.0
      '@rescript/linux-x64': 12.0.0
      '@rescript/win32-x64': 12.0.0
    optional: true

  typescript@4.9.5: {}

  wrappy@1.0.2: {}
